// !$*UTF8*$!
{
	archiveVersion = 1;
	classes = {
	};
	objectVersion = 56;
	objects = {

/* Begin PBXBuildFile section */
		333475932AC50094004CB0FF /* AppDelegate.swift in Sources */ = {isa = PBXBuildFile; fileRef = 333475922AC50094004CB0FF /* AppDelegate.swift */; };
		333475952AC50094004CB0FF /* SceneDelegate.swift in Sources */ = {isa = PBXBuildFile; fileRef = 333475942AC50094004CB0FF /* SceneDelegate.swift */; };
		333475972AC50094004CB0FF /* SignInVC.swift in Sources */ = {isa = PBXBuildFile; fileRef = 333475962AC50094004CB0FF /* SignInVC.swift */; };
		3334759A2AC50094004CB0FF /* Main.storyboard in Resources */ = {isa = PBXBuildFile; fileRef = 333475982AC50094004CB0FF /* Main.storyboard */; };
		3334759C2AC50094004CB0FF /* Assets.xcassets in Resources */ = {isa = PBXBuildFile; fileRef = 3334759B2AC50094004CB0FF /* Assets.xcassets */; };
		3334759F2AC50094004CB0FF /* LaunchScreen.storyboard in Resources */ = {isa = PBXBuildFile; fileRef = 3334759D2AC50094004CB0FF /* LaunchScreen.storyboard */; };
		333475A72AC501F5004CB0FF /* GoogleService-Info.plist in Resources */ = {isa = PBXBuildFile; fileRef = 333475A62AC501F5004CB0FF /* GoogleService-Info.plist */; };
		33A65C392AC69871003FFA94 /* FeedVC.swift in Sources */ = {isa = PBXBuildFile; fileRef = 33A65C382AC69871003FFA94 /* FeedVC.swift */; };
		33A65C3B2AC6988C003FFA94 /* UploadVC.swift in Sources */ = {isa = PBXBuildFile; fileRef = 33A65C3A2AC6988C003FFA94 /* UploadVC.swift */; };
		33A65C3D2AC698FF003FFA94 /* SettingsVC.swift in Sources */ = {isa = PBXBuildFile; fileRef = 33A65C3C2AC698FF003FFA94 /* SettingsVC.swift */; };
		33A65C412AC69E04003FFA94 /* SnapVC.swift in Sources */ = {isa = PBXBuildFile; fileRef = 33A65C402AC69E04003FFA94 /* SnapVC.swift */; };
		33A65C442AC8CC1D003FFA94 /* UserSingleton.swift in Sources */ = {isa = PBXBuildFile; fileRef = 33A65C432AC8CC1D003FFA94 /* UserSingleton.swift */; };
		33A65C482AC931B9003FFA94 /* FeedCell.swift in Sources */ = {isa = PBXBuildFile; fileRef = 33A65C472AC931B9003FFA94 /* FeedCell.swift */; };
		33A65C4A2AC9372F003FFA94 /* Snap.swift in Sources */ = {isa = PBXBuildFile; fileRef = 33A65C492AC9372F003FFA94 /* Snap.swift */; };
		F949582B01ADAA6CBA944B76 /* Pods_SnapchatClone.framework in Frameworks */ = {isa = PBXBuildFile; fileRef = FA87C23F93839BC988CAB36B /* Pods_SnapchatClone.framework */; };
/* End PBXBuildFile section */

/* Begin PBXFileReference section */
		3334758F2AC50094004CB0FF /* SnapchatClone.app */ = {isa = PBXFileReference; explicitFileType = wrapper.application; includeInIndex = 0; path = SnapchatClone.app; sourceTree = BUILT_PRODUCTS_DIR; };
		333475922AC50094004CB0FF /* AppDelegate.swift */ = {isa = PBXFileReference; lastKnownFileType = sourcecode.swift; path = AppDelegate.swift; sourceTree = "<group>"; };
		333475942AC50094004CB0FF /* SceneDelegate.swift */ = {isa = PBXFileReference; lastKnownFileType = sourcecode.swift; path = SceneDelegate.swift; sourceTree = "<group>"; };
		333475962AC50094004CB0FF /* SignInVC.swift */ = {isa = PBXFileReference; lastKnownFileType = sourcecode.swift; path = SignInVC.swift; sourceTree = "<group>"; };
		333475992AC50094004CB0FF /* Base */ = {isa = PBXFileReference; lastKnownFileType = file.storyboard; name = Base; path = Base.lproj/Main.storyboard; sourceTree = "<group>"; };
		3334759B2AC50094004CB0FF /* Assets.xcassets */ = {isa = PBXFileReference; lastKnownFileType = folder.assetcatalog; path = Assets.xcassets; sourceTree = "<group>"; };
		3334759E2AC50094004CB0FF /* Base */ = {isa = PBXFileReference; lastKnownFileType = file.storyboard; name = Base; path = Base.lproj/LaunchScreen.storyboard; sourceTree = "<group>"; };
		333475A02AC50094004CB0FF /* Info.plist */ = {isa = PBXFileReference; lastKnownFileType = text.plist.xml; path = Info.plist; sourceTree = "<group>"; };
		333475A62AC501F5004CB0FF /* GoogleService-Info.plist */ = {isa = PBXFileReference; fileEncoding = 4; lastKnownFileType = text.plist.xml; path = "GoogleService-Info.plist"; sourceTree = "<group>"; };
		33A65C382AC69871003FFA94 /* FeedVC.swift */ = {isa = PBXFileReference; lastKnownFileType = sourcecode.swift; path = FeedVC.swift; sourceTree = "<group>"; };
		33A65C3A2AC6988C003FFA94 /* UploadVC.swift */ = {isa = PBXFileReference; lastKnownFileType = sourcecode.swift; path = UploadVC.swift; sourceTree = "<group>"; };
		33A65C3C2AC698FF003FFA94 /* SettingsVC.swift */ = {isa = PBXFileReference; lastKnownFileType = sourcecode.swift; path = SettingsVC.swift; sourceTree = "<group>"; };
		33A65C402AC69E04003FFA94 /* SnapVC.swift */ = {isa = PBXFileReference; lastKnownFileType = sourcecode.swift; path = SnapVC.swift; sourceTree = "<group>"; };
		33A65C432AC8CC1D003FFA94 /* UserSingleton.swift */ = {isa = PBXFileReference; lastKnownFileType = sourcecode.swift; path = UserSingleton.swift; sourceTree = "<group>"; };
		33A65C472AC931B9003FFA94 /* FeedCell.swift */ = {isa = PBXFileReference; lastKnownFileType = sourcecode.swift; name = FeedCell.swift; path = ../FeedCell.swift; sourceTree = "<group>"; };
		33A65C492AC9372F003FFA94 /* Snap.swift */ = {isa = PBXFileReference; lastKnownFileType = sourcecode.swift; path = Snap.swift; sourceTree = "<group>"; };
		88AD6A08DAA2D3D3AECDBFE7 /* Pods-SnapchatClone.debug.xcconfig */ = {isa = PBXFileReference; includeInIndex = 1; lastKnownFileType = text.xcconfig; name = "Pods-SnapchatClone.debug.xcconfig"; path = "Target Support Files/Pods-SnapchatClone/Pods-SnapchatClone.debug.xcconfig"; sourceTree = "<group>"; };
		EBED8F4EFB4651EB4E7CA301 /* Pods-SnapchatClone.release.xcconfig */ = {isa = PBXFileReference; includeInIndex = 1; lastKnownFileType = text.xcconfig; name = "Pods-SnapchatClone.release.xcconfig"; path = "Target Support Files/Pods-SnapchatClone/Pods-SnapchatClone.release.xcconfig"; sourceTree = "<group>"; };
		FA87C23F93839BC988CAB36B /* Pods_SnapchatClone.framework */ = {isa = PBXFileReference; explicitFileType = wrapper.framework; includeInIndex = 0; path = Pods_SnapchatClone.framework; sourceTree = BUILT_PRODUCTS_DIR; };
/* End PBXFileReference section */

/* Begin PBXFrameworksBuildPhase section */
		3334758C2AC50094004CB0FF /* Frameworks */ = {
			isa = PBXFrameworksBuildPhase;
			buildActionMask = 2147483647;
			files = (
				F949582B01ADAA6CBA944B76 /* Pods_SnapchatClone.framework in Frameworks */,
			);
			runOnlyForDeploymentPostprocessing = 0;
		};
/* End PBXFrameworksBuildPhase section */

/* Begin PBXGroup section */
		333475862AC50094004CB0FF = {
			isa = PBXGroup;
			children = (
				333475912AC50094004CB0FF /* SnapchatClone */,
				333475902AC50094004CB0FF /* Products */,
				7C8514541283504A2CCFBD87 /* Pods */,
				8314A51FC24927551CD008A7 /* Frameworks */,
			);
			sourceTree = "<group>";
		};
		333475902AC50094004CB0FF /* Products */ = {
			isa = PBXGroup;
			children = (
				3334758F2AC50094004CB0FF /* SnapchatClone.app */,
			);
			name = Products;
			sourceTree = "<group>";
		};
		333475912AC50094004CB0FF /* SnapchatClone */ = {
			isa = PBXGroup;
			children = (
				33A65C422AC8CBED003FFA94 /* Model */,
				33A65C3F2AC69986003FFA94 /* Delegates */,
				33A65C3E2AC69924003FFA94 /* ViewControllers */,
				333475982AC50094004CB0FF /* Main.storyboard */,
				3334759B2AC50094004CB0FF /* Assets.xcassets */,
				333475A62AC501F5004CB0FF /* GoogleService-Info.plist */,
				3334759D2AC50094004CB0FF /* LaunchScreen.storyboard */,
				333475A02AC50094004CB0FF /* Info.plist */,
			);
			path = SnapchatClone;
			sourceTree = "<group>";
		};
		33A65C3E2AC69924003FFA94 /* ViewControllers */ = {
			isa = PBXGroup;
			children = (
				333475962AC50094004CB0FF /* SignInVC.swift */,
				33A65C382AC69871003FFA94 /* FeedVC.swift */,
				33A65C3C2AC698FF003FFA94 /* SettingsVC.swift */,
				33A65C3A2AC6988C003FFA94 /* UploadVC.swift */,
				33A65C402AC69E04003FFA94 /* SnapVC.swift */,
				33A65C472AC931B9003FFA94 /* FeedCell.swift */,
			);
			path = ViewControllers;
			sourceTree = "<group>";
		};
		33A65C3F2AC69986003FFA94 /* Delegates */ = {
			isa = PBXGroup;
			children = (
				333475942AC50094004CB0FF /* SceneDelegate.swift */,
				333475922AC50094004CB0FF /* AppDelegate.swift */,
			);
			path = Delegates;
			sourceTree = "<group>";
		};
		33A65C422AC8CBED003FFA94 /* Model */ = {
			isa = PBXGroup;
			children = (
				33A65C432AC8CC1D003FFA94 /* UserSingleton.swift */,
				33A65C492AC9372F003FFA94 /* Snap.swift */,
			);
			path = Model;
			sourceTree = "<group>";
		};
		7C8514541283504A2CCFBD87 /* Pods */ = {
			isa = PBXGroup;
			children = (
				88AD6A08DAA2D3D3AECDBFE7 /* Pods-SnapchatClone.debug.xcconfig */,
				EBED8F4EFB4651EB4E7CA301 /* Pods-SnapchatClone.release.xcconfig */,
			);
			path = Pods;
			sourceTree = "<group>";
		};
		8314A51FC24927551CD008A7 /* Frameworks */ = {
			isa = PBXGroup;
			children = (
				FA87C23F93839BC988CAB36B /* Pods_SnapchatClone.framework */,
			);
			name = Frameworks;
			sourceTree = "<group>";
		};
/* End PBXGroup section */

/* Begin PBXNativeTarget section */
		3334758E2AC50094004CB0FF /* SnapchatClone */ = {
			isa = PBXNativeTarget;
			buildConfigurationList = 333475A32AC50094004CB0FF /* Build configuration list for PBXNativeTarget "SnapchatClone" */;
			buildPhases = (
				E37EB97658499E63D22A0F2E /* [CP] Check Pods Manifest.lock */,
				3334758B2AC50094004CB0FF /* Sources */,
				3334758C2AC50094004CB0FF /* Frameworks */,
				3334758D2AC50094004CB0FF /* Resources */,
				FA68820770C3FDEB63253B41 /* [CP] Embed Pods Frameworks */,
			);
			buildRules = (
			);
			dependencies = (
			);
			name = SnapchatClone;
			productName = SnapchatClone;
			productReference = 3334758F2AC50094004CB0FF /* SnapchatClone.app */;
			productType = "com.apple.product-type.application";
		};
/* End PBXNativeTarget section */

/* Begin PBXProject section */
		333475872AC50094004CB0FF /* Project object */ = {
			isa = PBXProject;
			attributes = {
				BuildIndependentTargetsInParallel = 1;
				LastSwiftUpdateCheck = 1420;
				LastUpgradeCheck = 1420;
				TargetAttributes = {
					3334758E2AC50094004CB0FF = {
						CreatedOnToolsVersion = 14.2;
					};
				};
			};
			buildConfigurationList = 3334758A2AC50094004CB0FF /* Build configuration list for PBXProject "SnapchatClone" */;
			compatibilityVersion = "Xcode 14.0";
			developmentRegion = en;
			hasScannedForEncodings = 0;
			knownRegions = (
				en,
				Base,
			);
			mainGroup = 333475862AC50094004CB0FF;
			packageReferences = (
				3398BD062AC526390029D0E3 /* XCRemoteSwiftPackageReference "firebase-ios-sdk" */,
			);
			productRefGroup = 333475902AC50094004CB0FF /* Products */;
			projectDirPath = "";
			projectRoot = "";
			targets = (
				3334758E2AC50094004CB0FF /* SnapchatClone */,
			);
		};
/* End PBXProject section */

/* Begin PBXResourcesBuildPhase section */
		3334758D2AC50094004CB0FF /* Resources */ = {
			isa = PBXResourcesBuildPhase;
			buildActionMask = 2147483647;
			files = (
				3334759F2AC50094004CB0FF /* LaunchScreen.storyboard in Resources */,
				3334759C2AC50094004CB0FF /* Assets.xcassets in Resources */,
				333475A72AC501F5004CB0FF /* GoogleService-Info.plist in Resources */,
				3334759A2AC50094004CB0FF /* Main.storyboard in Resources */,
			);
			runOnlyForDeploymentPostprocessing = 0;
		};
/* End PBXResourcesBuildPhase section */

/* Begin PBXShellScriptBuildPhase section */
		E37EB97658499E63D22A0F2E /* [CP] Check Pods Manifest.lock */ = {
			isa = PBXShellScriptBuildPhase;
			buildActionMask = 2147483647;
			files = (
			);
			inputFileListPaths = (
			);
			inputPaths = (
				"${PODS_PODFILE_DIR_PATH}/Podfile.lock",
				"${PODS_ROOT}/Manifest.lock",
			);
			name = "[CP] Check Pods Manifest.lock";
			outputFileListPaths = (
			);
			outputPaths = (
				"$(DERIVED_FILE_DIR)/Pods-SnapchatClone-checkManifestLockResult.txt",
			);
			runOnlyForDeploymentPostprocessing = 0;
			shellPath = /bin/sh;
			shellScript = "diff \"${PODS_PODFILE_DIR_PATH}/Podfile.lock\" \"${PODS_ROOT}/Manifest.lock\" > /dev/null\nif [ $? != 0 ] ; then\n    # print error to STDERR\n    echo \"error: The sandbox is not in sync with the Podfile.lock. Run 'pod install' or update your CocoaPods installation.\" >&2\n    exit 1\nfi\n# This output is used by Xcode 'outputs' to avoid re-running this script phase.\necho \"SUCCESS\" > \"${SCRIPT_OUTPUT_FILE_0}\"\n";
			showEnvVarsInLog = 0;
		};
		FA68820770C3FDEB63253B41 /* [CP] Embed Pods Frameworks */ = {
			isa = PBXShellScriptBuildPhase;
			buildActionMask = 2147483647;
			files = (
			);
			inputFileListPaths = (
				"${PODS_ROOT}/Target Support Files/Pods-SnapchatClone/Pods-SnapchatClone-frameworks-${CONFIGURATION}-input-files.xcfilelist",
			);
			name = "[CP] Embed Pods Frameworks";
			outputFileListPaths = (
				"${PODS_ROOT}/Target Support Files/Pods-SnapchatClone/Pods-SnapchatClone-frameworks-${CONFIGURATION}-output-files.xcfilelist",
			);
			runOnlyForDeploymentPostprocessing = 0;
			shellPath = /bin/sh;
			shellScript = "\"${PODS_ROOT}/Target Support Files/Pods-SnapchatClone/Pods-SnapchatClone-frameworks.sh\"\n";
			showEnvVarsInLog = 0;
		};
/* End PBXShellScriptBuildPhase section */

/* Begin PBXSourcesBuildPhase section */
		3334758B2AC50094004CB0FF /* Sources */ = {
			isa = PBXSourcesBuildPhase;
			buildActionMask = 2147483647;
			files = (
				33A65C442AC8CC1D003FFA94 /* UserSingleton.swift in Sources */,
				33A65C4A2AC9372F003FFA94 /* Snap.swift in Sources */,
				33A65C392AC69871003FFA94 /* FeedVC.swift in Sources */,
				333475972AC50094004CB0FF /* SignInVC.swift in Sources */,
				333475932AC50094004CB0FF /* AppDelegate.swift in Sources */,
				33A65C3B2AC6988C003FFA94 /* UploadVC.swift in Sources */,
				33A65C412AC69E04003FFA94 /* SnapVC.swift in Sources */,
				333475952AC50094004CB0FF /* SceneDelegate.swift in Sources */,
				33A65C3D2AC698FF003FFA94 /* SettingsVC.swift in Sources */,
				33A65C482AC931B9003FFA94 /* FeedCell.swift in Sources */,
			);
			runOnlyForDeploymentPostprocessing = 0;
		};
/* End PBXSourcesBuildPhase section */

/* Begin PBXVariantGroup section */
		333475982AC50094004CB0FF /* Main.storyboard */ = {
			isa = PBXVariantGroup;
			children = (
				333475992AC50094004CB0FF /* Base */,
			);
			name = Main.storyboard;
			sourceTree = "<group>";
		};
		3334759D2AC50094004CB0FF /* LaunchScreen.storyboard */ = {
			isa = PBXVariantGroup;
			children = (
				3334759E2AC50094004CB0FF /* Base */,
			);
			name = LaunchScreen.storyboard;
			sourceTree = "<group>";
		};
/* End PBXVariantGroup section */

/* Begin XCBuildConfiguration section */
		333475A12AC50094004CB0FF /* Debug */ = {
			isa = XCBuildConfiguration;
			buildSettings = {
				ALWAYS_SEARCH_USER_PATHS = NO;
				CLANG_ANALYZER_NONNULL = YES;
				CLANG_ANALYZER_NUMBER_OBJECT_CONVERSION = YES_AGGRESSIVE;
				CLANG_CXX_LANGUAGE_STANDARD = "gnu++20";
				CLANG_ENABLE_MODULES = YES;
				CLANG_ENABLE_OBJC_ARC = YES;
				CLANG_ENABLE_OBJC_WEAK = YES;
				CLANG_WARN_BLOCK_CAPTURE_AUTORELEASING = YES;
				CLANG_WARN_BOOL_CONVERSION = YES;
				CLANG_WARN_COMMA = YES;
				CLANG_WARN_CONSTANT_CONVERSION = YES;
				CLANG_WARN_DEPRECATED_OBJC_IMPLEMENTATIONS = YES;
				CLANG_WARN_DIRECT_OBJC_ISA_USAGE = YES_ERROR;
				CLANG_WARN_DOCUMENTATION_COMMENTS = YES;
				CLANG_WARN_EMPTY_BODY = YES;
				CLANG_WARN_ENUM_CONVERSION = YES;
				CLANG_WARN_INFINITE_RECURSION = YES;
				CLANG_WARN_INT_CONVERSION = YES;
				CLANG_WARN_NON_LITERAL_NULL_CONVERSION = YES;
				CLANG_WARN_OBJC_IMPLICIT_RETAIN_SELF = YES;
				CLANG_WARN_OBJC_LITERAL_CONVERSION = YES;
				CLANG_WARN_OBJC_ROOT_CLASS = YES_ERROR;
				CLANG_WARN_QUOTED_INCLUDE_IN_FRAMEWORK_HEADER = YES;
				CLANG_WARN_RANGE_LOOP_ANALYSIS = YES;
				CLANG_WARN_STRICT_PROTOTYPES = YES;
				CLANG_WARN_SUSPICIOUS_MOVE = YES;
				CLANG_WARN_UNGUARDED_AVAILABILITY = YES_AGGRESSIVE;
				CLANG_WARN_UNREACHABLE_CODE = YES;
				CLANG_WARN__DUPLICATE_METHOD_MATCH = YES;
				COPY_PHASE_STRIP = NO;
				DEBUG_INFORMATION_FORMAT = dwarf;
				ENABLE_STRICT_OBJC_MSGSEND = YES;
				ENABLE_TESTABILITY = YES;
				GCC_C_LANGUAGE_STANDARD = gnu11;
				GCC_DYNAMIC_NO_PIC = NO;
				GCC_NO_COMMON_BLOCKS = YES;
				GCC_OPTIMIZATION_LEVEL = 0;
				GCC_PREPROCESSOR_DEFINITIONS = (
					"DEBUG=1",
					"$(inherited)",
				);
				GCC_WARN_64_TO_32_BIT_CONVERSION = YES;
				GCC_WARN_ABOUT_RETURN_TYPE = YES_ERROR;
				GCC_WARN_UNDECLARED_SELECTOR = YES;
				GCC_WARN_UNINITIALIZED_AUTOS = YES_AGGRESSIVE;
				GCC_WARN_UNUSED_FUNCTION = YES;
				GCC_WARN_UNUSED_VARIABLE = YES;
				IPHONEOS_DEPLOYMENT_TARGET = 16.2;
				MTL_ENABLE_DEBUG_INFO = INCLUDE_SOURCE;
				MTL_FAST_MATH = YES;
				ONLY_ACTIVE_ARCH = YES;
				SDKROOT = iphoneos;
				SWIFT_ACTIVE_COMPILATION_CONDITIONS = DEBUG;
				SWIFT_OPTIMIZATION_LEVEL = "-Onone";
			};
			name = Debug;
		};
		333475A22AC50094004CB0FF /* Release */ = {
			isa = XCBuildConfiguration;
			buildSettings = {
				ALWAYS_SEARCH_USER_PATHS = NO;
				CLANG_ANALYZER_NONNULL = YES;
				CLANG_ANALYZER_NUMBER_OBJECT_CONVERSION = YES_AGGRESSIVE;
				CLANG_CXX_LANGUAGE_STANDARD = "gnu++20";
				CLANG_ENABLE_MODULES = YES;
				CLANG_ENABLE_OBJC_ARC = YES;
				CLANG_ENABLE_OBJC_WEAK = YES;
				CLANG_WARN_BLOCK_CAPTURE_AUTORELEASING = YES;
				CLANG_WARN_BOOL_CONVERSION = YES;
				CLANG_WARN_COMMA = YES;
				CLANG_WARN_CONSTANT_CONVERSION = YES;
				CLANG_WARN_DEPRECATED_OBJC_IMPLEMENTATIONS = YES;
				CLANG_WARN_DIRECT_OBJC_ISA_USAGE = YES_ERROR;
				CLANG_WARN_DOCUMENTATION_COMMENTS = YES;
				CLANG_WARN_EMPTY_BODY = YES;
				CLANG_WARN_ENUM_CONVERSION = YES;
				CLANG_WARN_INFINITE_RECURSION = YES;
				CLANG_WARN_INT_CONVERSION = YES;
				CLANG_WARN_NON_LITERAL_NULL_CONVERSION = YES;
				CLANG_WARN_OBJC_IMPLICIT_RETAIN_SELF = YES;
				CLANG_WARN_OBJC_LITERAL_CONVERSION = YES;
				CLANG_WARN_OBJC_ROOT_CLASS = YES_ERROR;
				CLANG_WARN_QUOTED_INCLUDE_IN_FRAMEWORK_HEADER = YES;
				CLANG_WARN_RANGE_LOOP_ANALYSIS = YES;
				CLANG_WARN_STRICT_PROTOTYPES = YES;
				CLANG_WARN_SUSPICIOUS_MOVE = YES;
				CLANG_WARN_UNGUARDED_AVAILABILITY = YES_AGGRESSIVE;
				CLANG_WARN_UNREACHABLE_CODE = YES;
				CLANG_WARN__DUPLICATE_METHOD_MATCH = YES;
				COPY_PHASE_STRIP = NO;
				DEBUG_INFORMATION_FORMAT = "dwarf-with-dsym";
				ENABLE_NS_ASSERTIONS = NO;
				ENABLE_STRICT_OBJC_MSGSEND = YES;
				GCC_C_LANGUAGE_STANDARD = gnu11;
				GCC_NO_COMMON_BLOCKS = YES;
				GCC_WARN_64_TO_32_BIT_CONVERSION = YES;
				GCC_WARN_ABOUT_RETURN_TYPE = YES_ERROR;
				GCC_WARN_UNDECLARED_SELECTOR = YES;
				GCC_WARN_UNINITIALIZED_AUTOS = YES_AGGRESSIVE;
				GCC_WARN_UNUSED_FUNCTION = YES;
				GCC_WARN_UNUSED_VARIABLE = YES;
				IPHONEOS_DEPLOYMENT_TARGET = 16.2;
				MTL_ENABLE_DEBUG_INFO = NO;
				MTL_FAST_MATH = YES;
				SDKROOT = iphoneos;
				SWIFT_COMPILATION_MODE = wholemodule;
				SWIFT_OPTIMIZATION_LEVEL = "-O";
				VALIDATE_PRODUCT = YES;
			};
			name = Release;
		};
		333475A42AC50094004CB0FF /* Debug */ = {
			isa = XCBuildConfiguration;
			baseConfigurationReference = 88AD6A08DAA2D3D3AECDBFE7 /* Pods-SnapchatClone.debug.xcconfig */;
			buildSettings = {
				ASSETCATALOG_COMPILER_APPICON_NAME = AppIcon;
				ASSETCATALOG_COMPILER_GLOBAL_ACCENT_COLOR_NAME = AccentColor;
				CODE_SIGN_STYLE = Automatic;
				CURRENT_PROJECT_VERSION = 1;
				DEVELOPMENT_TEAM = NM254CW95N;
				GENERATE_INFOPLIST_FILE = YES;
				INFOPLIST_FILE = SnapchatClone/Info.plist;
				INFOPLIST_KEY_UIApplicationSupportsIndirectInputEvents = YES;
				INFOPLIST_KEY_UILaunchStoryboardName = LaunchScreen;
				INFOPLIST_KEY_UIMainStoryboardFile = Main;
				INFOPLIST_KEY_UISupportedInterfaceOrientations_iPad = "UIInterfaceOrientationPortrait UIInterfaceOrientationPortraitUpsideDown UIInterfaceOrientationLandscapeLeft UIInterfaceOrientationLandscapeRight";
				INFOPLIST_KEY_UISupportedInterfaceOrientations_iPhone = "UIInterfaceOrientationPortrait UIInterfaceOrientationLandscapeLeft UIInterfaceOrientationLandscapeRight";
				LD_RUNPATH_SEARCH_PATHS = (
					"$(inherited)",
					"@executable_path/Frameworks",
				);
				MARKETING_VERSION = 1.0;
				PRODUCT_BUNDLE_IDENTIFIER = com.alperaslan.SnapchatClone;
				PRODUCT_NAME = "$(TARGET_NAME)";
				SWIFT_EMIT_LOC_STRINGS = YES;
				SWIFT_VERSION = 5.0;
				TARGETED_DEVICE_FAMILY = "1,2";
			};
			name = Debug;
		};
		333475A52AC50094004CB0FF /* Release */ = {
			isa = XCBuildConfiguration;
			baseConfigurationReference = EBED8F4EFB4651EB4E7CA301 /* Pods-SnapchatClone.release.xcconfig */;
			buildSettings = {
				ASSETCATALOG_COMPILER_APPICON_NAME = AppIcon;
				ASSETCATALOG_COMPILER_GLOBAL_ACCENT_COLOR_NAME = AccentColor;
				CODE_SIGN_STYLE = Automatic;
				CURRENT_PROJECT_VERSION = 1;
				DEVELOPMENT_TEAM = NM254CW95N;
				GENERATE_INFOPLIST_FILE = YES;
				INFOPLIST_FILE = SnapchatClone/Info.plist;
				INFOPLIST_KEY_UIApplicationSupportsIndirectInputEvents = YES;
				INFOPLIST_KEY_UILaunchStoryboardName = LaunchScreen;
				INFOPLIST_KEY_UIMainStoryboardFile = Main;
				INFOPLIST_KEY_UISupportedInterfaceOrientations_iPad = "UIInterfaceOrientationPortrait UIInterfaceOrientationPortraitUpsideDown UIInterfaceOrientationLandscapeLeft UIInterfaceOrientationLandscapeRight";
				INFOPLIST_KEY_UISupportedInterfaceOrientations_iPhone = "UIInterfaceOrientationPortrait UIInterfaceOrientationLandscapeLeft UIInterfaceOrientationLandscapeRight";
				LD_RUNPATH_SEARCH_PATHS = (
					"$(inherited)",
					"@executable_path/Frameworks",
				);
				MARKETING_VERSION = 1.0;
				PRODUCT_BUNDLE_IDENTIFIER = com.alperaslan.SnapchatClone;
				PRODUCT_NAME = "$(TARGET_NAME)";
				SWIFT_EMIT_LOC_STRINGS = YES;
				SWIFT_VERSION = 5.0;
				TARGETED_DEVICE_FAMILY = "1,2";
			};
			name = Release;
		};
/* End XCBuildConfiguration section */

/* Begin XCConfigurationList section */
		3334758A2AC50094004CB0FF /* Build configuration list for PBXProject "SnapchatClone" */ = {
			isa = XCConfigurationList;
			buildConfigurations = (
				333475A12AC50094004CB0FF /* Debug */,
				333475A22AC50094004CB0FF /* Release */,
			);
			defaultConfigurationIsVisible = 0;
			defaultConfigurationName = Release;
		};
		333475A32AC50094004CB0FF /* Build configuration list for PBXNativeTarget "SnapchatClone" */ = {
			isa = XCConfigurationList;
			buildConfigurations = (
				333475A42AC50094004CB0FF /* Debug */,
				333475A52AC50094004CB0FF /* Release */,
			);
			defaultConfigurationIsVisible = 0;
			defaultConfigurationName = Release;
		};
/* End XCConfigurationList section */

/* Begin XCRemoteSwiftPackageReference section */
		3398BD062AC526390029D0E3 /* XCRemoteSwiftPackageReference "firebase-ios-sdk" */ = {
			isa = XCRemoteSwiftPackageReference;
			repositoryURL = "https://github.com/firebase/firebase-ios-sdk";
			requirement = {
				branch = master;
				kind = branch;
			};
		};
/* End XCRemoteSwiftPackageReference section */
	};
	rootObject = 333475872AC50094004CB0FF /* Project object */;
}
